
Microsoft Visual Studio Solution File, Format Version 12.00
# Visual Studio 2012
Project("{2150E333-8FDC-42A3-9474-1A3956D46DE8}") = "master", "master", "{DD86D15D-B98E-4806-93A3-73F90790EF9A}"
EndProject
Project("{2150E333-8FDC-42A3-9474-1A3956D46DE8}") = "Mine", "Mine", "{8AF7E9E9-0DCD-4E21-9BC4-5CAF1DCB77F7}"
EndProject
Project("{FAE04EC0-301F-11D3-BF4B-00C04F79EFBC}") = "Core", "Core\Core.csproj", "{7B179F5D-1CC5-4C48-8C2D-B840E891DC15}"
EndProject
Project("{2150E333-8FDC-42A3-9474-1A3956D46DE8}") = "Examples", "Examples", "{7CF5FA45-4065-4BDB-B893-6361B11966C1}"
EndProject
Project("{FAE04EC0-301F-11D3-BF4B-00C04F79EFBC}") = "Hello", "Hello\Hello.csproj", "{2B68D788-95E5-41FB-A8F7-7F1CBF218CE8}"
EndProject
Project("{8BC9CEB8-8B4A-11D0-8D11-00A0C91BC942}") = "Example 4", "rts-master\Chapter 4\Example 4.2\Example 4.2.vcxproj", "{F2D317B1-2A00-4815-A846-CB9962240575}"
EndProject
Global
	GlobalSection(SolutionConfigurationPlatforms) = preSolution
		Debug|Any CPU = Debug|Any CPU
		Debug|Mixed Platforms = Debug|Mixed Platforms
		Debug|Win32 = Debug|Win32
		Release|Any CPU = Release|Any CPU
		Release|Mixed Platforms = Release|Mixed Platforms
		Release|Win32 = Release|Win32
	EndGlobalSection
	GlobalSection(ProjectConfigurationPlatforms) = postSolution
		{7B179F5D-1CC5-4C48-8C2D-B840E891DC15}.Debug|Any CPU.ActiveCfg = Debug|Any CPU
		{7B179F5D-1CC5-4C48-8C2D-B840E891DC15}.Debug|Any CPU.Build.0 = Debug|Any CPU
		{7B179F5D-1CC5-4C48-8C2D-B840E891DC15}.Debug|Mixed Platforms.ActiveCfg = Debug|Any CPU
		{7B179F5D-1CC5-4C48-8C2D-B840E891DC15}.Debug|Mixed Platforms.Build.0 = Debug|Any CPU
		{7B179F5D-1CC5-4C48-8C2D-B840E891DC15}.Debug|Win32.ActiveCfg = Debug|Any CPU
		{7B179F5D-1CC5-4C48-8C2D-B840E891DC15}.Release|Any CPU.ActiveCfg = Release|Any CPU
		{7B179F5D-1CC5-4C48-8C2D-B840E891DC15}.Release|Any CPU.Build.0 = Release|Any CPU
		{7B179F5D-1CC5-4C48-8C2D-B840E891DC15}.Release|Mixed Platforms.ActiveCfg = Release|Any CPU
		{7B179F5D-1CC5-4C48-8C2D-B840E891DC15}.Release|Mixed Platforms.Build.0 = Release|Any CPU
		{7B179F5D-1CC5-4C48-8C2D-B840E891DC15}.Release|Win32.ActiveCfg = Release|Any CPU
		{2B68D788-95E5-41FB-A8F7-7F1CBF218CE8}.Debug|Any CPU.ActiveCfg = Debug|Any CPU
		{2B68D788-95E5-41FB-A8F7-7F1CBF218CE8}.Debug|Any CPU.Build.0 = Debug|Any CPU
		{2B68D788-95E5-41FB-A8F7-7F1CBF218CE8}.Debug|Mixed Platforms.ActiveCfg = Debug|Any CPU
		{2B68D788-95E5-41FB-A8F7-7F1CBF218CE8}.Debug|Mixed Platforms.Build.0 = Debug|Any CPU
		{2B68D788-95E5-41FB-A8F7-7F1CBF218CE8}.Debug|Win32.ActiveCfg = Debug|Any CPU
		{2B68D788-95E5-41FB-A8F7-7F1CBF218CE8}.Release|Any CPU.ActiveCfg = Release|Any CPU
		{2B68D788-95E5-41FB-A8F7-7F1CBF218CE8}.Release|Any CPU.Build.0 = Release|Any CPU
		{2B68D788-95E5-41FB-A8F7-7F1CBF218CE8}.Release|Mixed Platforms.ActiveCfg = Release|Any CPU
		{2B68D788-95E5-41FB-A8F7-7F1CBF218CE8}.Release|Mixed Platforms.Build.0 = Release|Any CPU
		{2B68D788-95E5-41FB-A8F7-7F1CBF218CE8}.Release|Win32.ActiveCfg = Release|Any CPU
		{F2D317B1-2A00-4815-A846-CB9962240575}.Debug|Any CPU.ActiveCfg = Debug|Win32
		{F2D317B1-2A00-4815-A846-CB9962240575}.Debug|Mixed Platforms.ActiveCfg = Debug|Win32
		{F2D317B1-2A00-4815-A846-CB9962240575}.Debug|Mixed Platforms.Build.0 = Debug|Win32
		{F2D317B1-2A00-4815-A846-CB9962240575}.Debug|Win32.ActiveCfg = Debug|Win32
		{F2D317B1-2A00-4815-A846-CB9962240575}.Debug|Win32.Build.0 = Debug|Win32
		{F2D317B1-2A00-4815-A846-CB9962240575}.Release|Any CPU.ActiveCfg = Release|Win32
		{F2D317B1-2A00-4815-A846-CB9962240575}.Release|Mixed Platforms.ActiveCfg = Release|Win32
		{F2D317B1-2A00-4815-A846-CB9962240575}.Release|Mixed Platforms.Build.0 = Release|Win32
		{F2D317B1-2A00-4815-A846-CB9962240575}.Release|Win32.ActiveCfg = Release|Win32
		{F2D317B1-2A00-4815-A846-CB9962240575}.Release|Win32.Build.0 = Release|Win32
	EndGlobalSection
	GlobalSection(SolutionProperties) = preSolution
		HideSolutionNode = FALSE
	EndGlobalSection
	GlobalSection(NestedProjects) = preSolution
		{F2D317B1-2A00-4815-A846-CB9962240575} = {DD86D15D-B98E-4806-93A3-73F90790EF9A}
		{7B179F5D-1CC5-4C48-8C2D-B840E891DC15} = {8AF7E9E9-0DCD-4E21-9BC4-5CAF1DCB77F7}
		{7CF5FA45-4065-4BDB-B893-6361B11966C1} = {8AF7E9E9-0DCD-4E21-9BC4-5CAF1DCB77F7}
		{2B68D788-95E5-41FB-A8F7-7F1CBF218CE8} = {7CF5FA45-4065-4BDB-B893-6361B11966C1}
	EndGlobalSection
EndGlobal
