
Microsoft Visual Studio Solution File, Format Version 12.00
# Visual Studio 2012
Project("{2150E333-8FDC-42A3-9474-1A3956D46DE8}") = "master", "master", "{DD86D15D-B98E-4806-93A3-73F90790EF9A}"
EndProject
Project("{2150E333-8FDC-42A3-9474-1A3956D46DE8}") = "Mine", "Mine", "{8AF7E9E9-0DCD-4E21-9BC4-5CAF1DCB77F7}"
EndProject
Project("{FAE04EC0-301F-11D3-BF4B-00C04F79EFBC}") = "Core", "Core\Core.csproj", "{7B179F5D-1CC5-4C48-8C2D-B840E891DC15}"
EndProject
Project("{2150E333-8FDC-42A3-9474-1A3956D46DE8}") = "Examples", "Examples", "{7CF5FA45-4065-4BDB-B893-6361B11966C1}"
EndProject
Project("{FAE04EC0-301F-11D3-BF4B-00C04F79EFBC}") = "Hello", "Hello\Hello.csproj", "{2B68D788-95E5-41FB-A8F7-7F1CBF218CE8}"
EndProject
Project("{8BC9CEB8-8B4A-11D0-8D11-00A0C91BC942}") = "Example 4-2", "rts-master\Chapter 4\Example 4.2\Example 4.2.vcxproj", "{F2D317B1-2A00-4815-A846-CB9962240575}"
EndProject
Project("{8BC9CEB8-8B4A-11D0-8D11-00A0C91BC942}") = "Example 4-3", "rts-master\Chapter 4\Example 4.3\Example 4.3.vcxproj", "{2D081506-37F2-4906-A231-A3F42E7555E1}"
EndProject
Project("{8BC9CEB8-8B4A-11D0-8D11-00A0C91BC942}") = "Example 4-4", "rts-master\Chapter 4\Example 4.4\Example 4.4.vcxproj", "{5320CFC9-264C-41ED-9D10-C2DAD3696277}"
EndProject
Project("{8BC9CEB8-8B4A-11D0-8D11-00A0C91BC942}") = "Example 4-5", "rts-master\Chapter 4\Example 4.5\Example 4.5.vcxproj", "{A72D7F64-D23D-4BD9-AE89-C905FEA15706}"
EndProject
Project("{8BC9CEB8-8B4A-11D0-8D11-00A0C91BC942}") = "Example 4-6", "rts-master\Chapter 4\Example 4.6\Example 4.6.vcxproj", "{B8A6028F-5D65-45FB-9F23-C5CEA6BB03F7}"
EndProject
Project("{8BC9CEB8-8B4A-11D0-8D11-00A0C91BC942}") = "Example 4-7", "rts-master\Chapter 4\Example 4.7\Example 4.7.vcxproj", "{0431864C-B70F-46C1-A8E8-19BED07E3EC6}"
EndProject
Project("{8BC9CEB8-8B4A-11D0-8D11-00A0C91BC942}") = "Example 4-8", "rts-master\Chapter 4\Example 4.8\Example 4.8.vcxproj", "{4E83AE72-E0C9-4811-BA6C-424B43713A14}"
EndProject
Project("{8BC9CEB8-8B4A-11D0-8D11-00A0C91BC942}") = "Example 4-9", "rts-master\Chapter 4\Example 4.9\Example 4.9.vcxproj", "{CA0E4C0D-2415-441B-9E00-ECDBCE9F0673}"
EndProject
Project("{8BC9CEB8-8B4A-11D0-8D11-00A0C91BC942}") = "Example 4-10", "rts-master\Chapter 4\Example 4.10\Example 4.10.vcxproj", "{F2FB855B-549D-446C-8BDC-A9E2791CED56}"
EndProject
Project("{8BC9CEB8-8B4A-11D0-8D11-00A0C91BC942}") = "Example 4-11", "rts-master\Chapter 4\Example 4.11\Example 4.11.vcxproj", "{8C54479E-6A70-4B44-8345-481919BADA3B}"
EndProject
Project("{8BC9CEB8-8B4A-11D0-8D11-00A0C91BC942}") = "Example 4-12", "rts-master\Chapter 4\Example 4.12\Example 4.12.vcxproj", "{BC8DA2F2-9180-4178-990F-1D39B26CDA7A}"
EndProject
Project("{8BC9CEB8-8B4A-11D0-8D11-00A0C91BC942}") = "Example 4-13", "rts-master\Chapter 4\Example 4.13\Example 4.13.vcxproj", "{1E315756-B3CC-4F09-AA7D-C8C914D5CA83}"
EndProject
Project("{8BC9CEB8-8B4A-11D0-8D11-00A0C91BC942}") = "Example 4-14", "rts-master\Chapter 4\Example 4.14\Example 4.14.vcxproj", "{93144AB0-16E0-47B5-AA77-7975711E7E32}"
EndProject
Global
	GlobalSection(SolutionConfigurationPlatforms) = preSolution
		Debug|Any CPU = Debug|Any CPU
		Debug|Mixed Platforms = Debug|Mixed Platforms
		Debug|Win32 = Debug|Win32
		Release|Any CPU = Release|Any CPU
		Release|Mixed Platforms = Release|Mixed Platforms
		Release|Win32 = Release|Win32
	EndGlobalSection
	GlobalSection(ProjectConfigurationPlatforms) = postSolution
		{7B179F5D-1CC5-4C48-8C2D-B840E891DC15}.Debug|Any CPU.ActiveCfg = Debug|Any CPU
		{7B179F5D-1CC5-4C48-8C2D-B840E891DC15}.Debug|Any CPU.Build.0 = Debug|Any CPU
		{7B179F5D-1CC5-4C48-8C2D-B840E891DC15}.Debug|Mixed Platforms.ActiveCfg = Debug|Any CPU
		{7B179F5D-1CC5-4C48-8C2D-B840E891DC15}.Debug|Mixed Platforms.Build.0 = Debug|Any CPU
		{7B179F5D-1CC5-4C48-8C2D-B840E891DC15}.Debug|Win32.ActiveCfg = Debug|Any CPU
		{7B179F5D-1CC5-4C48-8C2D-B840E891DC15}.Release|Any CPU.ActiveCfg = Release|Any CPU
		{7B179F5D-1CC5-4C48-8C2D-B840E891DC15}.Release|Any CPU.Build.0 = Release|Any CPU
		{7B179F5D-1CC5-4C48-8C2D-B840E891DC15}.Release|Mixed Platforms.ActiveCfg = Release|Any CPU
		{7B179F5D-1CC5-4C48-8C2D-B840E891DC15}.Release|Mixed Platforms.Build.0 = Release|Any CPU
		{7B179F5D-1CC5-4C48-8C2D-B840E891DC15}.Release|Win32.ActiveCfg = Release|Any CPU
		{2B68D788-95E5-41FB-A8F7-7F1CBF218CE8}.Debug|Any CPU.ActiveCfg = Debug|Any CPU
		{2B68D788-95E5-41FB-A8F7-7F1CBF218CE8}.Debug|Any CPU.Build.0 = Debug|Any CPU
		{2B68D788-95E5-41FB-A8F7-7F1CBF218CE8}.Debug|Mixed Platforms.ActiveCfg = Debug|Any CPU
		{2B68D788-95E5-41FB-A8F7-7F1CBF218CE8}.Debug|Mixed Platforms.Build.0 = Debug|Any CPU
		{2B68D788-95E5-41FB-A8F7-7F1CBF218CE8}.Debug|Win32.ActiveCfg = Debug|Any CPU
		{2B68D788-95E5-41FB-A8F7-7F1CBF218CE8}.Release|Any CPU.ActiveCfg = Release|Any CPU
		{2B68D788-95E5-41FB-A8F7-7F1CBF218CE8}.Release|Any CPU.Build.0 = Release|Any CPU
		{2B68D788-95E5-41FB-A8F7-7F1CBF218CE8}.Release|Mixed Platforms.ActiveCfg = Release|Any CPU
		{2B68D788-95E5-41FB-A8F7-7F1CBF218CE8}.Release|Mixed Platforms.Build.0 = Release|Any CPU
		{2B68D788-95E5-41FB-A8F7-7F1CBF218CE8}.Release|Win32.ActiveCfg = Release|Any CPU
		{F2D317B1-2A00-4815-A846-CB9962240575}.Debug|Any CPU.ActiveCfg = Debug|Win32
		{F2D317B1-2A00-4815-A846-CB9962240575}.Debug|Mixed Platforms.ActiveCfg = Debug|Win32
		{F2D317B1-2A00-4815-A846-CB9962240575}.Debug|Mixed Platforms.Build.0 = Debug|Win32
		{F2D317B1-2A00-4815-A846-CB9962240575}.Debug|Win32.ActiveCfg = Debug|Win32
		{F2D317B1-2A00-4815-A846-CB9962240575}.Debug|Win32.Build.0 = Debug|Win32
		{F2D317B1-2A00-4815-A846-CB9962240575}.Release|Any CPU.ActiveCfg = Release|Win32
		{F2D317B1-2A00-4815-A846-CB9962240575}.Release|Mixed Platforms.ActiveCfg = Release|Win32
		{F2D317B1-2A00-4815-A846-CB9962240575}.Release|Mixed Platforms.Build.0 = Release|Win32
		{F2D317B1-2A00-4815-A846-CB9962240575}.Release|Win32.ActiveCfg = Release|Win32
		{F2D317B1-2A00-4815-A846-CB9962240575}.Release|Win32.Build.0 = Release|Win32
		{2D081506-37F2-4906-A231-A3F42E7555E1}.Debug|Any CPU.ActiveCfg = Debug|Win32
		{2D081506-37F2-4906-A231-A3F42E7555E1}.Debug|Mixed Platforms.ActiveCfg = Debug|Win32
		{2D081506-37F2-4906-A231-A3F42E7555E1}.Debug|Mixed Platforms.Build.0 = Debug|Win32
		{2D081506-37F2-4906-A231-A3F42E7555E1}.Debug|Win32.ActiveCfg = Debug|Win32
		{2D081506-37F2-4906-A231-A3F42E7555E1}.Debug|Win32.Build.0 = Debug|Win32
		{2D081506-37F2-4906-A231-A3F42E7555E1}.Release|Any CPU.ActiveCfg = Release|Win32
		{2D081506-37F2-4906-A231-A3F42E7555E1}.Release|Mixed Platforms.ActiveCfg = Release|Win32
		{2D081506-37F2-4906-A231-A3F42E7555E1}.Release|Mixed Platforms.Build.0 = Release|Win32
		{2D081506-37F2-4906-A231-A3F42E7555E1}.Release|Win32.ActiveCfg = Release|Win32
		{2D081506-37F2-4906-A231-A3F42E7555E1}.Release|Win32.Build.0 = Release|Win32
		{5320CFC9-264C-41ED-9D10-C2DAD3696277}.Debug|Any CPU.ActiveCfg = Debug|Win32
		{5320CFC9-264C-41ED-9D10-C2DAD3696277}.Debug|Mixed Platforms.ActiveCfg = Debug|Win32
		{5320CFC9-264C-41ED-9D10-C2DAD3696277}.Debug|Mixed Platforms.Build.0 = Debug|Win32
		{5320CFC9-264C-41ED-9D10-C2DAD3696277}.Debug|Win32.ActiveCfg = Debug|Win32
		{5320CFC9-264C-41ED-9D10-C2DAD3696277}.Debug|Win32.Build.0 = Debug|Win32
		{5320CFC9-264C-41ED-9D10-C2DAD3696277}.Release|Any CPU.ActiveCfg = Release|Win32
		{5320CFC9-264C-41ED-9D10-C2DAD3696277}.Release|Mixed Platforms.ActiveCfg = Release|Win32
		{5320CFC9-264C-41ED-9D10-C2DAD3696277}.Release|Mixed Platforms.Build.0 = Release|Win32
		{5320CFC9-264C-41ED-9D10-C2DAD3696277}.Release|Win32.ActiveCfg = Release|Win32
		{5320CFC9-264C-41ED-9D10-C2DAD3696277}.Release|Win32.Build.0 = Release|Win32
		{A72D7F64-D23D-4BD9-AE89-C905FEA15706}.Debug|Any CPU.ActiveCfg = Debug|Win32
		{A72D7F64-D23D-4BD9-AE89-C905FEA15706}.Debug|Mixed Platforms.ActiveCfg = Debug|Win32
		{A72D7F64-D23D-4BD9-AE89-C905FEA15706}.Debug|Mixed Platforms.Build.0 = Debug|Win32
		{A72D7F64-D23D-4BD9-AE89-C905FEA15706}.Debug|Win32.ActiveCfg = Debug|Win32
		{A72D7F64-D23D-4BD9-AE89-C905FEA15706}.Debug|Win32.Build.0 = Debug|Win32
		{A72D7F64-D23D-4BD9-AE89-C905FEA15706}.Release|Any CPU.ActiveCfg = Release|Win32
		{A72D7F64-D23D-4BD9-AE89-C905FEA15706}.Release|Mixed Platforms.ActiveCfg = Release|Win32
		{A72D7F64-D23D-4BD9-AE89-C905FEA15706}.Release|Mixed Platforms.Build.0 = Release|Win32
		{A72D7F64-D23D-4BD9-AE89-C905FEA15706}.Release|Win32.ActiveCfg = Release|Win32
		{A72D7F64-D23D-4BD9-AE89-C905FEA15706}.Release|Win32.Build.0 = Release|Win32
		{B8A6028F-5D65-45FB-9F23-C5CEA6BB03F7}.Debug|Any CPU.ActiveCfg = Debug|Win32
		{B8A6028F-5D65-45FB-9F23-C5CEA6BB03F7}.Debug|Mixed Platforms.ActiveCfg = Debug|Win32
		{B8A6028F-5D65-45FB-9F23-C5CEA6BB03F7}.Debug|Mixed Platforms.Build.0 = Debug|Win32
		{B8A6028F-5D65-45FB-9F23-C5CEA6BB03F7}.Debug|Win32.ActiveCfg = Debug|Win32
		{B8A6028F-5D65-45FB-9F23-C5CEA6BB03F7}.Debug|Win32.Build.0 = Debug|Win32
		{B8A6028F-5D65-45FB-9F23-C5CEA6BB03F7}.Release|Any CPU.ActiveCfg = Release|Win32
		{B8A6028F-5D65-45FB-9F23-C5CEA6BB03F7}.Release|Mixed Platforms.ActiveCfg = Release|Win32
		{B8A6028F-5D65-45FB-9F23-C5CEA6BB03F7}.Release|Mixed Platforms.Build.0 = Release|Win32
		{B8A6028F-5D65-45FB-9F23-C5CEA6BB03F7}.Release|Win32.ActiveCfg = Release|Win32
		{B8A6028F-5D65-45FB-9F23-C5CEA6BB03F7}.Release|Win32.Build.0 = Release|Win32
		{0431864C-B70F-46C1-A8E8-19BED07E3EC6}.Debug|Any CPU.ActiveCfg = Debug|Win32
		{0431864C-B70F-46C1-A8E8-19BED07E3EC6}.Debug|Mixed Platforms.ActiveCfg = Debug|Win32
		{0431864C-B70F-46C1-A8E8-19BED07E3EC6}.Debug|Mixed Platforms.Build.0 = Debug|Win32
		{0431864C-B70F-46C1-A8E8-19BED07E3EC6}.Debug|Win32.ActiveCfg = Debug|Win32
		{0431864C-B70F-46C1-A8E8-19BED07E3EC6}.Debug|Win32.Build.0 = Debug|Win32
		{0431864C-B70F-46C1-A8E8-19BED07E3EC6}.Release|Any CPU.ActiveCfg = Release|Win32
		{0431864C-B70F-46C1-A8E8-19BED07E3EC6}.Release|Mixed Platforms.ActiveCfg = Release|Win32
		{0431864C-B70F-46C1-A8E8-19BED07E3EC6}.Release|Mixed Platforms.Build.0 = Release|Win32
		{0431864C-B70F-46C1-A8E8-19BED07E3EC6}.Release|Win32.ActiveCfg = Release|Win32
		{0431864C-B70F-46C1-A8E8-19BED07E3EC6}.Release|Win32.Build.0 = Release|Win32
		{4E83AE72-E0C9-4811-BA6C-424B43713A14}.Debug|Any CPU.ActiveCfg = Debug|Win32
		{4E83AE72-E0C9-4811-BA6C-424B43713A14}.Debug|Mixed Platforms.ActiveCfg = Debug|Win32
		{4E83AE72-E0C9-4811-BA6C-424B43713A14}.Debug|Mixed Platforms.Build.0 = Debug|Win32
		{4E83AE72-E0C9-4811-BA6C-424B43713A14}.Debug|Win32.ActiveCfg = Debug|Win32
		{4E83AE72-E0C9-4811-BA6C-424B43713A14}.Debug|Win32.Build.0 = Debug|Win32
		{4E83AE72-E0C9-4811-BA6C-424B43713A14}.Release|Any CPU.ActiveCfg = Release|Win32
		{4E83AE72-E0C9-4811-BA6C-424B43713A14}.Release|Mixed Platforms.ActiveCfg = Release|Win32
		{4E83AE72-E0C9-4811-BA6C-424B43713A14}.Release|Mixed Platforms.Build.0 = Release|Win32
		{4E83AE72-E0C9-4811-BA6C-424B43713A14}.Release|Win32.ActiveCfg = Release|Win32
		{4E83AE72-E0C9-4811-BA6C-424B43713A14}.Release|Win32.Build.0 = Release|Win32
		{CA0E4C0D-2415-441B-9E00-ECDBCE9F0673}.Debug|Any CPU.ActiveCfg = Debug|Win32
		{CA0E4C0D-2415-441B-9E00-ECDBCE9F0673}.Debug|Mixed Platforms.ActiveCfg = Debug|Win32
		{CA0E4C0D-2415-441B-9E00-ECDBCE9F0673}.Debug|Mixed Platforms.Build.0 = Debug|Win32
		{CA0E4C0D-2415-441B-9E00-ECDBCE9F0673}.Debug|Win32.ActiveCfg = Debug|Win32
		{CA0E4C0D-2415-441B-9E00-ECDBCE9F0673}.Debug|Win32.Build.0 = Debug|Win32
		{CA0E4C0D-2415-441B-9E00-ECDBCE9F0673}.Release|Any CPU.ActiveCfg = Release|Win32
		{CA0E4C0D-2415-441B-9E00-ECDBCE9F0673}.Release|Mixed Platforms.ActiveCfg = Release|Win32
		{CA0E4C0D-2415-441B-9E00-ECDBCE9F0673}.Release|Mixed Platforms.Build.0 = Release|Win32
		{CA0E4C0D-2415-441B-9E00-ECDBCE9F0673}.Release|Win32.ActiveCfg = Release|Win32
		{CA0E4C0D-2415-441B-9E00-ECDBCE9F0673}.Release|Win32.Build.0 = Release|Win32
		{F2FB855B-549D-446C-8BDC-A9E2791CED56}.Debug|Any CPU.ActiveCfg = Debug|Win32
		{F2FB855B-549D-446C-8BDC-A9E2791CED56}.Debug|Mixed Platforms.ActiveCfg = Debug|Win32
		{F2FB855B-549D-446C-8BDC-A9E2791CED56}.Debug|Mixed Platforms.Build.0 = Debug|Win32
		{F2FB855B-549D-446C-8BDC-A9E2791CED56}.Debug|Win32.ActiveCfg = Debug|Win32
		{F2FB855B-549D-446C-8BDC-A9E2791CED56}.Debug|Win32.Build.0 = Debug|Win32
		{F2FB855B-549D-446C-8BDC-A9E2791CED56}.Release|Any CPU.ActiveCfg = Release|Win32
		{F2FB855B-549D-446C-8BDC-A9E2791CED56}.Release|Mixed Platforms.ActiveCfg = Release|Win32
		{F2FB855B-549D-446C-8BDC-A9E2791CED56}.Release|Mixed Platforms.Build.0 = Release|Win32
		{F2FB855B-549D-446C-8BDC-A9E2791CED56}.Release|Win32.ActiveCfg = Release|Win32
		{F2FB855B-549D-446C-8BDC-A9E2791CED56}.Release|Win32.Build.0 = Release|Win32
		{8C54479E-6A70-4B44-8345-481919BADA3B}.Debug|Any CPU.ActiveCfg = Debug|Win32
		{8C54479E-6A70-4B44-8345-481919BADA3B}.Debug|Mixed Platforms.ActiveCfg = Debug|Win32
		{8C54479E-6A70-4B44-8345-481919BADA3B}.Debug|Mixed Platforms.Build.0 = Debug|Win32
		{8C54479E-6A70-4B44-8345-481919BADA3B}.Debug|Win32.ActiveCfg = Debug|Win32
		{8C54479E-6A70-4B44-8345-481919BADA3B}.Debug|Win32.Build.0 = Debug|Win32
		{8C54479E-6A70-4B44-8345-481919BADA3B}.Release|Any CPU.ActiveCfg = Release|Win32
		{8C54479E-6A70-4B44-8345-481919BADA3B}.Release|Mixed Platforms.ActiveCfg = Release|Win32
		{8C54479E-6A70-4B44-8345-481919BADA3B}.Release|Mixed Platforms.Build.0 = Release|Win32
		{8C54479E-6A70-4B44-8345-481919BADA3B}.Release|Win32.ActiveCfg = Release|Win32
		{8C54479E-6A70-4B44-8345-481919BADA3B}.Release|Win32.Build.0 = Release|Win32
		{BC8DA2F2-9180-4178-990F-1D39B26CDA7A}.Debug|Any CPU.ActiveCfg = Debug|Win32
		{BC8DA2F2-9180-4178-990F-1D39B26CDA7A}.Debug|Mixed Platforms.ActiveCfg = Debug|Win32
		{BC8DA2F2-9180-4178-990F-1D39B26CDA7A}.Debug|Mixed Platforms.Build.0 = Debug|Win32
		{BC8DA2F2-9180-4178-990F-1D39B26CDA7A}.Debug|Win32.ActiveCfg = Debug|Win32
		{BC8DA2F2-9180-4178-990F-1D39B26CDA7A}.Debug|Win32.Build.0 = Debug|Win32
		{BC8DA2F2-9180-4178-990F-1D39B26CDA7A}.Release|Any CPU.ActiveCfg = Release|Win32
		{BC8DA2F2-9180-4178-990F-1D39B26CDA7A}.Release|Mixed Platforms.ActiveCfg = Release|Win32
		{BC8DA2F2-9180-4178-990F-1D39B26CDA7A}.Release|Mixed Platforms.Build.0 = Release|Win32
		{BC8DA2F2-9180-4178-990F-1D39B26CDA7A}.Release|Win32.ActiveCfg = Release|Win32
		{BC8DA2F2-9180-4178-990F-1D39B26CDA7A}.Release|Win32.Build.0 = Release|Win32
		{1E315756-B3CC-4F09-AA7D-C8C914D5CA83}.Debug|Any CPU.ActiveCfg = Debug|Win32
		{1E315756-B3CC-4F09-AA7D-C8C914D5CA83}.Debug|Mixed Platforms.ActiveCfg = Debug|Win32
		{1E315756-B3CC-4F09-AA7D-C8C914D5CA83}.Debug|Mixed Platforms.Build.0 = Debug|Win32
		{1E315756-B3CC-4F09-AA7D-C8C914D5CA83}.Debug|Win32.ActiveCfg = Debug|Win32
		{1E315756-B3CC-4F09-AA7D-C8C914D5CA83}.Debug|Win32.Build.0 = Debug|Win32
		{1E315756-B3CC-4F09-AA7D-C8C914D5CA83}.Release|Any CPU.ActiveCfg = Release|Win32
		{1E315756-B3CC-4F09-AA7D-C8C914D5CA83}.Release|Mixed Platforms.ActiveCfg = Release|Win32
		{1E315756-B3CC-4F09-AA7D-C8C914D5CA83}.Release|Mixed Platforms.Build.0 = Release|Win32
		{1E315756-B3CC-4F09-AA7D-C8C914D5CA83}.Release|Win32.ActiveCfg = Release|Win32
		{1E315756-B3CC-4F09-AA7D-C8C914D5CA83}.Release|Win32.Build.0 = Release|Win32
		{93144AB0-16E0-47B5-AA77-7975711E7E32}.Debug|Any CPU.ActiveCfg = Debug|Win32
		{93144AB0-16E0-47B5-AA77-7975711E7E32}.Debug|Mixed Platforms.ActiveCfg = Debug|Win32
		{93144AB0-16E0-47B5-AA77-7975711E7E32}.Debug|Mixed Platforms.Build.0 = Debug|Win32
		{93144AB0-16E0-47B5-AA77-7975711E7E32}.Debug|Win32.ActiveCfg = Debug|Win32
		{93144AB0-16E0-47B5-AA77-7975711E7E32}.Debug|Win32.Build.0 = Debug|Win32
		{93144AB0-16E0-47B5-AA77-7975711E7E32}.Release|Any CPU.ActiveCfg = Release|Win32
		{93144AB0-16E0-47B5-AA77-7975711E7E32}.Release|Mixed Platforms.ActiveCfg = Release|Win32
		{93144AB0-16E0-47B5-AA77-7975711E7E32}.Release|Mixed Platforms.Build.0 = Release|Win32
		{93144AB0-16E0-47B5-AA77-7975711E7E32}.Release|Win32.ActiveCfg = Release|Win32
		{93144AB0-16E0-47B5-AA77-7975711E7E32}.Release|Win32.Build.0 = Release|Win32
	EndGlobalSection
	GlobalSection(SolutionProperties) = preSolution
		HideSolutionNode = FALSE
	EndGlobalSection
	GlobalSection(NestedProjects) = preSolution
		{F2D317B1-2A00-4815-A846-CB9962240575} = {DD86D15D-B98E-4806-93A3-73F90790EF9A}
		{2D081506-37F2-4906-A231-A3F42E7555E1} = {DD86D15D-B98E-4806-93A3-73F90790EF9A}
		{5320CFC9-264C-41ED-9D10-C2DAD3696277} = {DD86D15D-B98E-4806-93A3-73F90790EF9A}
		{A72D7F64-D23D-4BD9-AE89-C905FEA15706} = {DD86D15D-B98E-4806-93A3-73F90790EF9A}
		{B8A6028F-5D65-45FB-9F23-C5CEA6BB03F7} = {DD86D15D-B98E-4806-93A3-73F90790EF9A}
		{0431864C-B70F-46C1-A8E8-19BED07E3EC6} = {DD86D15D-B98E-4806-93A3-73F90790EF9A}
		{4E83AE72-E0C9-4811-BA6C-424B43713A14} = {DD86D15D-B98E-4806-93A3-73F90790EF9A}
		{CA0E4C0D-2415-441B-9E00-ECDBCE9F0673} = {DD86D15D-B98E-4806-93A3-73F90790EF9A}
		{F2FB855B-549D-446C-8BDC-A9E2791CED56} = {DD86D15D-B98E-4806-93A3-73F90790EF9A}
		{8C54479E-6A70-4B44-8345-481919BADA3B} = {DD86D15D-B98E-4806-93A3-73F90790EF9A}
		{BC8DA2F2-9180-4178-990F-1D39B26CDA7A} = {DD86D15D-B98E-4806-93A3-73F90790EF9A}
		{1E315756-B3CC-4F09-AA7D-C8C914D5CA83} = {DD86D15D-B98E-4806-93A3-73F90790EF9A}
		{93144AB0-16E0-47B5-AA77-7975711E7E32} = {DD86D15D-B98E-4806-93A3-73F90790EF9A}
		{7B179F5D-1CC5-4C48-8C2D-B840E891DC15} = {8AF7E9E9-0DCD-4E21-9BC4-5CAF1DCB77F7}
		{7CF5FA45-4065-4BDB-B893-6361B11966C1} = {8AF7E9E9-0DCD-4E21-9BC4-5CAF1DCB77F7}
		{2B68D788-95E5-41FB-A8F7-7F1CBF218CE8} = {7CF5FA45-4065-4BDB-B893-6361B11966C1}
	EndGlobalSection
EndGlobal
