<?xml version="1.0" encoding="utf-8"?>
<Project ToolsVersion="4.0" xmlns="http://schemas.microsoft.com/developer/msbuild/2003">
  <ItemGroup>
    <Filter Include="App">
      <UniqueIdentifier>{cc96e8ef-22d8-4d82-a873-b5b5b17d356e}</UniqueIdentifier>
    </Filter>
    <Filter Include="Terrain">
      <UniqueIdentifier>{1b900626-2d70-4084-9b3e-3d4dc53c1194}</UniqueIdentifier>
    </Filter>
    <Filter Include="Debug">
      <UniqueIdentifier>{ab3d8dec-d1e9-478f-9436-6e50d7c4b763}</UniqueIdentifier>
    </Filter>
    <Filter Include="Heightmap">
      <UniqueIdentifier>{1b018b51-6c9b-4906-8aeb-24c32ce05c4c}</UniqueIdentifier>
    </Filter>
  </ItemGroup>
  <ItemGroup>
    <ClCompile Include="app.cpp">
      <Filter>App</Filter>
    </ClCompile>
    <ClCompile Include="terrain.cpp">
      <Filter>Terrain</Filter>
    </ClCompile>
    <ClCompile Include="debug.cpp">
      <Filter>Debug</Filter>
    </ClCompile>
    <ClCompile Include="heightMap.cpp">
      <Filter>Heightmap</Filter>
    </ClCompile>
  </ItemGroup>
  <ItemGroup>
    <ClInclude Include="terrain.h">
      <Filter>Terrain</Filter>
    </ClInclude>
    <ClInclude Include="debug.h">
      <Filter>Debug</Filter>
    </ClInclude>
    <ClInclude Include="heightMap.h">
      <Filter>Heightmap</Filter>
    </ClInclude>
  </ItemGroup>
</Project>