<?xml version="1.0" encoding="utf-8"?>
<Project ToolsVersion="4.0" xmlns="http://schemas.microsoft.com/developer/msbuild/2003">
  <ItemGroup>
    <Filter Include="Common">
      <UniqueIdentifier>{1fd24e6f-062a-4e44-8aa6-025084c40dc2}</UniqueIdentifier>
    </Filter>
    <Filter Include="Common\Debug">
      <UniqueIdentifier>{36df6a23-91a5-492f-9b6e-63717f3f8767}</UniqueIdentifier>
    </Filter>
    <Filter Include="Terrain">
      <UniqueIdentifier>{52f12e3c-8312-4a21-a7f5-3c652c95f117}</UniqueIdentifier>
    </Filter>
    <Filter Include="App">
      <UniqueIdentifier>{d2074c1f-d2f5-4131-8990-d90755cab07b}</UniqueIdentifier>
    </Filter>
    <Filter Include="Heightmap">
      <UniqueIdentifier>{fd3e8fc8-0301-412c-8688-a2cc05930b00}</UniqueIdentifier>
    </Filter>
  </ItemGroup>
  <ItemGroup>
    <ClCompile Include="debug.cpp">
      <Filter>Common\Debug</Filter>
    </ClCompile>
    <ClCompile Include="terrain.cpp">
      <Filter>Terrain</Filter>
    </ClCompile>
    <ClCompile Include="app.cpp">
      <Filter>App</Filter>
    </ClCompile>
    <ClCompile Include="heightMap.cpp">
      <Filter>Heightmap</Filter>
    </ClCompile>
  </ItemGroup>
  <ItemGroup>
    <ClInclude Include="debug.h">
      <Filter>Common\Debug</Filter>
    </ClInclude>
    <ClInclude Include="terrain.h">
      <Filter>Terrain</Filter>
    </ClInclude>
    <ClInclude Include="heightMap.h">
      <Filter>Heightmap</Filter>
    </ClInclude>
  </ItemGroup>
</Project>