<?xml version="1.0" encoding="utf-8"?>
<Project ToolsVersion="4.0" xmlns="http://schemas.microsoft.com/developer/msbuild/2003">
  <ItemGroup>
    <Filter Include="Mesh">
      <UniqueIdentifier>{b1f96d76-f18c-4852-a8ae-65a6cda4583c}</UniqueIdentifier>
    </Filter>
    <Filter Include="Common">
      <UniqueIdentifier>{f3ee1a8d-eb62-4cfe-af35-b4727eb127f5}</UniqueIdentifier>
    </Filter>
    <Filter Include="Common\Debug">
      <UniqueIdentifier>{6f13e506-1566-4a45-b93c-bf368d7cf757}</UniqueIdentifier>
    </Filter>
    <Filter Include="App">
      <UniqueIdentifier>{77aa89f1-2409-43bf-a1ae-286f91ff69a5}</UniqueIdentifier>
    </Filter>
  </ItemGroup>
  <ItemGroup>
    <ClCompile Include="mesh.cpp">
      <Filter>Mesh</Filter>
    </ClCompile>
    <ClCompile Include="debug.cpp">
      <Filter>Common\Debug</Filter>
    </ClCompile>
    <ClCompile Include="app.cpp">
      <Filter>App</Filter>
    </ClCompile>
  </ItemGroup>
  <ItemGroup>
    <ClInclude Include="mesh.h">
      <Filter>Mesh</Filter>
    </ClInclude>
    <ClInclude Include="debug.h">
      <Filter>Common\Debug</Filter>
    </ClInclude>
  </ItemGroup>
</Project>