<?xml version="1.0" encoding="utf-8"?>
<Project ToolsVersion="4.0" xmlns="http://schemas.microsoft.com/developer/msbuild/2003">
  <ItemGroup>
    <Filter Include="Common">
      <UniqueIdentifier>{6c3efac3-f5f8-4bfe-bd95-6276623f93a0}</UniqueIdentifier>
    </Filter>
    <Filter Include="Common\Debug">
      <UniqueIdentifier>{88d385b2-ef72-4147-b70e-cc4cc31e00d8}</UniqueIdentifier>
    </Filter>
    <Filter Include="App">
      <UniqueIdentifier>{f4e401ed-6887-418e-a505-10cd4a1fc032}</UniqueIdentifier>
    </Filter>
    <Filter Include="HeightMap">
      <UniqueIdentifier>{b373369f-acdf-4f02-a68e-8a5e5f04e747}</UniqueIdentifier>
    </Filter>
  </ItemGroup>
  <ItemGroup>
    <ClCompile Include="debug.cpp">
      <Filter>Common\Debug</Filter>
    </ClCompile>
    <ClCompile Include="app.cpp">
      <Filter>App</Filter>
    </ClCompile>
    <ClCompile Include="heightMap.cpp">
      <Filter>HeightMap</Filter>
    </ClCompile>
  </ItemGroup>
  <ItemGroup>
    <ClInclude Include="debug.h">
      <Filter>Common\Debug</Filter>
    </ClInclude>
    <ClInclude Include="heightMap.h">
      <Filter>HeightMap</Filter>
    </ClInclude>
  </ItemGroup>
</Project>